// !$*UTF8*$!
{
	archiveVersion = 1;
	classes = {
	};
	objectVersion = 51;
	objects = {

/* Begin PBXBuildFile section */
		04100A09279D6DB500A0601A /* NetworkArticleManager.swift in Sources */ = {isa = PBXBuildFile; fileRef = 04100A08279D6DB500A0601A /* NetworkArticleManager.swift */; };
		04100A0B279D79AF00A0601A /* ArticleModelWeb.swift in Sources */ = {isa = PBXBuildFile; fileRef = 04100A0A279D79AF00A0601A /* ArticleModelWeb.swift */; };
		04100A0D279D7A0600A0601A /* StoregeManager.swift in Sources */ = {isa = PBXBuildFile; fileRef = 04100A0C279D7A0600A0601A /* StoregeManager.swift */; };
		0472901527A16A3600BC8EA4 /* style.css in Resources */ = {isa = PBXBuildFile; fileRef = 0472901427A16A3600BC8EA4 /* style.css */; };
		0472901727A16AA800BC8EA4 /* DetailNewsVC.swift in Sources */ = {isa = PBXBuildFile; fileRef = 0472901627A16AA800BC8EA4 /* DetailNewsVC.swift */; };
		047EF7032796E19500B02612 /* AppDelegate.swift in Sources */ = {isa = PBXBuildFile; fileRef = 047EF7022796E19500B02612 /* AppDelegate.swift */; };
		047EF7052796E19500B02612 /* SceneDelegate.swift in Sources */ = {isa = PBXBuildFile; fileRef = 047EF7042796E19500B02612 /* SceneDelegate.swift */; };
		047EF70C2796E19800B02612 /* Assets.xcassets in Resources */ = {isa = PBXBuildFile; fileRef = 047EF70B2796E19800B02612 /* Assets.xcassets */; };
		047EF70F2796E19800B02612 /* LaunchScreen.storyboard in Resources */ = {isa = PBXBuildFile; fileRef = 047EF70D2796E19800B02612 /* LaunchScreen.storyboard */; };
		047EF71A2796E19800B02612 /* SportNewsAppTests.swift in Sources */ = {isa = PBXBuildFile; fileRef = 047EF7192796E19800B02612 /* SportNewsAppTests.swift */; };
		047EF7252796E19800B02612 /* SportNewsAppUITests.swift in Sources */ = {isa = PBXBuildFile; fileRef = 047EF7242796E19800B02612 /* SportNewsAppUITests.swift */; };
		047EF7382796E29000B02612 /* NewsVC.swift in Sources */ = {isa = PBXBuildFile; fileRef = 047EF7372796E29000B02612 /* NewsVC.swift */; };
		047EF73A2796E4C500B02612 /* UIViewExtension.swift in Sources */ = {isa = PBXBuildFile; fileRef = 047EF7392796E4C500B02612 /* UIViewExtension.swift */; };
		047EF73C2796E4F900B02612 /* UIColourExtension.swift in Sources */ = {isa = PBXBuildFile; fileRef = 047EF73B2796E4F900B02612 /* UIColourExtension.swift */; };
		047EF7422796E88700B02612 /* ArticleTVCell.swift in Sources */ = {isa = PBXBuildFile; fileRef = 047EF7412796E88700B02612 /* ArticleTVCell.swift */; };
		04CF876227A7F4AA00F3F23A /* ArticleVC.swift in Sources */ = {isa = PBXBuildFile; fileRef = 04CF876127A7F4AA00F3F23A /* ArticleVC.swift */; };
		04D1385427A6DBEA00839DB0 /* HMenuTVCell.swift in Sources */ = {isa = PBXBuildFile; fileRef = 04D1385327A6DBEA00839DB0 /* HMenuTVCell.swift */; };
		04E3B04B2798209B007C26D6 /* ArticleModelRealm.swift in Sources */ = {isa = PBXBuildFile; fileRef = 04E3B04A2798209B007C26D6 /* ArticleModelRealm.swift */; };
		04E8ECF72798281D0016099D /* UIImageExtension.swift in Sources */ = {isa = PBXBuildFile; fileRef = 04E8ECF62798281D0016099D /* UIImageExtension.swift */; };
		450296E22054ECCA0101B57D /* Pods_SportNewsApp_SportNewsAppUITests.framework in Frameworks */ = {isa = PBXBuildFile; fileRef = 6057D9EE8D6A11779AEE7455 /* Pods_SportNewsApp_SportNewsAppUITests.framework */; };
		5E95F2E378864B023740EFD3 /* Pods_SportNewsApp.framework in Frameworks */ = {isa = PBXBuildFile; fileRef = 3C420355155869E872CE461C /* Pods_SportNewsApp.framework */; };
		D15BF00AA1286663089254EA /* Pods_SportNewsAppTests.framework in Frameworks */ = {isa = PBXBuildFile; fileRef = 34C3A3A9157B0479900DFD46 /* Pods_SportNewsAppTests.framework */; };
/* End PBXBuildFile section */

/* Begin PBXContainerItemProxy section */
		047EF7162796E19800B02612 /* PBXContainerItemProxy */ = {
			isa = PBXContainerItemProxy;
			containerPortal = 047EF6F72796E19500B02612 /* Project object */;
			proxyType = 1;
			remoteGlobalIDString = 047EF6FE2796E19500B02612;
			remoteInfo = SportNewsApp;
		};
		047EF7212796E19800B02612 /* PBXContainerItemProxy */ = {
			isa = PBXContainerItemProxy;
			containerPortal = 047EF6F72796E19500B02612 /* Project object */;
			proxyType = 1;
			remoteGlobalIDString = 047EF6FE2796E19500B02612;
			remoteInfo = SportNewsApp;
		};
/* End PBXContainerItemProxy section */

/* Begin PBXFileReference section */
		04100A08279D6DB500A0601A /* NetworkArticleManager.swift */ = {isa = PBXFileReference; lastKnownFileType = sourcecode.swift; path = NetworkArticleManager.swift; sourceTree = "<group>"; };
		04100A0A279D79AF00A0601A /* ArticleModelWeb.swift */ = {isa = PBXFileReference; lastKnownFileType = sourcecode.swift; path = ArticleModelWeb.swift; sourceTree = "<group>"; };
		04100A0C279D7A0600A0601A /* StoregeManager.swift */ = {isa = PBXFileReference; lastKnownFileType = sourcecode.swift; path = StoregeManager.swift; sourceTree = "<group>"; };
		0472901427A16A3600BC8EA4 /* style.css */ = {isa = PBXFileReference; lastKnownFileType = text.css; path = style.css; sourceTree = "<group>"; };
		0472901627A16AA800BC8EA4 /* DetailNewsVC.swift */ = {isa = PBXFileReference; lastKnownFileType = sourcecode.swift; path = DetailNewsVC.swift; sourceTree = "<group>"; };
		047EF6FF2796E19500B02612 /* SportNewsApp.app */ = {isa = PBXFileReference; explicitFileType = wrapper.application; includeInIndex = 0; path = SportNewsApp.app; sourceTree = BUILT_PRODUCTS_DIR; };
		047EF7022796E19500B02612 /* AppDelegate.swift */ = {isa = PBXFileReference; lastKnownFileType = sourcecode.swift; path = AppDelegate.swift; sourceTree = "<group>"; };
		047EF7042796E19500B02612 /* SceneDelegate.swift */ = {isa = PBXFileReference; lastKnownFileType = sourcecode.swift; path = SceneDelegate.swift; sourceTree = "<group>"; };
		047EF70B2796E19800B02612 /* Assets.xcassets */ = {isa = PBXFileReference; lastKnownFileType = folder.assetcatalog; path = Assets.xcassets; sourceTree = "<group>"; };
		047EF70E2796E19800B02612 /* Base */ = {isa = PBXFileReference; lastKnownFileType = file.storyboard; name = Base; path = Base.lproj/LaunchScreen.storyboard; sourceTree = "<group>"; };
		047EF7102796E19800B02612 /* Info.plist */ = {isa = PBXFileReference; lastKnownFileType = text.plist.xml; path = Info.plist; sourceTree = "<group>"; };
		047EF7152796E19800B02612 /* SportNewsAppTests.xctest */ = {isa = PBXFileReference; explicitFileType = wrapper.cfbundle; includeInIndex = 0; path = SportNewsAppTests.xctest; sourceTree = BUILT_PRODUCTS_DIR; };
		047EF7192796E19800B02612 /* SportNewsAppTests.swift */ = {isa = PBXFileReference; lastKnownFileType = sourcecode.swift; path = SportNewsAppTests.swift; sourceTree = "<group>"; };
		047EF71B2796E19800B02612 /* Info.plist */ = {isa = PBXFileReference; lastKnownFileType = text.plist.xml; path = Info.plist; sourceTree = "<group>"; };
		047EF7202796E19800B02612 /* SportNewsAppUITests.xctest */ = {isa = PBXFileReference; explicitFileType = wrapper.cfbundle; includeInIndex = 0; path = SportNewsAppUITests.xctest; sourceTree = BUILT_PRODUCTS_DIR; };
		047EF7242796E19800B02612 /* SportNewsAppUITests.swift */ = {isa = PBXFileReference; lastKnownFileType = sourcecode.swift; path = SportNewsAppUITests.swift; sourceTree = "<group>"; };
		047EF7262796E19800B02612 /* Info.plist */ = {isa = PBXFileReference; lastKnownFileType = text.plist.xml; path = Info.plist; sourceTree = "<group>"; };
		047EF7372796E29000B02612 /* NewsVC.swift */ = {isa = PBXFileReference; lastKnownFileType = sourcecode.swift; path = NewsVC.swift; sourceTree = "<group>"; };
		047EF7392796E4C500B02612 /* UIViewExtension.swift */ = {isa = PBXFileReference; lastKnownFileType = sourcecode.swift; path = UIViewExtension.swift; sourceTree = "<group>"; };
		047EF73B2796E4F900B02612 /* UIColourExtension.swift */ = {isa = PBXFileReference; lastKnownFileType = sourcecode.swift; path = UIColourExtension.swift; sourceTree = "<group>"; };
		047EF7412796E88700B02612 /* ArticleTVCell.swift */ = {isa = PBXFileReference; lastKnownFileType = sourcecode.swift; path = ArticleTVCell.swift; sourceTree = "<group>"; };
		04CF876127A7F4AA00F3F23A /* ArticleVC.swift */ = {isa = PBXFileReference; lastKnownFileType = sourcecode.swift; path = ArticleVC.swift; sourceTree = "<group>"; };
		04D1385327A6DBEA00839DB0 /* HMenuTVCell.swift */ = {isa = PBXFileReference; lastKnownFileType = sourcecode.swift; path = HMenuTVCell.swift; sourceTree = "<group>"; };
		04E3B04A2798209B007C26D6 /* ArticleModelRealm.swift */ = {isa = PBXFileReference; lastKnownFileType = sourcecode.swift; path = ArticleModelRealm.swift; sourceTree = "<group>"; };
		04E8ECF62798281D0016099D /* UIImageExtension.swift */ = {isa = PBXFileReference; lastKnownFileType = sourcecode.swift; path = UIImageExtension.swift; sourceTree = "<group>"; };
		34C3A3A9157B0479900DFD46 /* Pods_SportNewsAppTests.framework */ = {isa = PBXFileReference; explicitFileType = wrapper.framework; includeInIndex = 0; path = Pods_SportNewsAppTests.framework; sourceTree = BUILT_PRODUCTS_DIR; };
		3C420355155869E872CE461C /* Pods_SportNewsApp.framework */ = {isa = PBXFileReference; explicitFileType = wrapper.framework; includeInIndex = 0; path = Pods_SportNewsApp.framework; sourceTree = BUILT_PRODUCTS_DIR; };
		6057D9EE8D6A11779AEE7455 /* Pods_SportNewsApp_SportNewsAppUITests.framework */ = {isa = PBXFileReference; explicitFileType = wrapper.framework; includeInIndex = 0; path = Pods_SportNewsApp_SportNewsAppUITests.framework; sourceTree = BUILT_PRODUCTS_DIR; };
		66E56925538A025AA9569524 /* Pods-SportNewsApp.debug.xcconfig */ = {isa = PBXFileReference; includeInIndex = 1; lastKnownFileType = text.xcconfig; name = "Pods-SportNewsApp.debug.xcconfig"; path = "Target Support Files/Pods-SportNewsApp/Pods-SportNewsApp.debug.xcconfig"; sourceTree = "<group>"; };
		A004599F04D906AE72545B3F /* Pods-SportNewsApp-SportNewsAppUITests.release.xcconfig */ = {isa = PBXFileReference; includeInIndex = 1; lastKnownFileType = text.xcconfig; name = "Pods-SportNewsApp-SportNewsAppUITests.release.xcconfig"; path = "Target Support Files/Pods-SportNewsApp-SportNewsAppUITests/Pods-SportNewsApp-SportNewsAppUITests.release.xcconfig"; sourceTree = "<group>"; };
		BD65DECDA4ED8F6BB4214CBF /* Pods-SportNewsApp-SportNewsAppUITests.debug.xcconfig */ = {isa = PBXFileReference; includeInIndex = 1; lastKnownFileType = text.xcconfig; name = "Pods-SportNewsApp-SportNewsAppUITests.debug.xcconfig"; path = "Target Support Files/Pods-SportNewsApp-SportNewsAppUITests/Pods-SportNewsApp-SportNewsAppUITests.debug.xcconfig"; sourceTree = "<group>"; };
		C72FEBB96C5E5274E5704316 /* Pods-SportNewsAppTests.debug.xcconfig */ = {isa = PBXFileReference; includeInIndex = 1; lastKnownFileType = text.xcconfig; name = "Pods-SportNewsAppTests.debug.xcconfig"; path = "Target Support Files/Pods-SportNewsAppTests/Pods-SportNewsAppTests.debug.xcconfig"; sourceTree = "<group>"; };
		EC79074CC5DA6B89FFA9730F /* Pods-SportNewsAppTests.release.xcconfig */ = {isa = PBXFileReference; includeInIndex = 1; lastKnownFileType = text.xcconfig; name = "Pods-SportNewsAppTests.release.xcconfig"; path = "Target Support Files/Pods-SportNewsAppTests/Pods-SportNewsAppTests.release.xcconfig"; sourceTree = "<group>"; };
		F61BA9534528B5875FC2674E /* Pods-SportNewsApp.release.xcconfig */ = {isa = PBXFileReference; includeInIndex = 1; lastKnownFileType = text.xcconfig; name = "Pods-SportNewsApp.release.xcconfig"; path = "Target Support Files/Pods-SportNewsApp/Pods-SportNewsApp.release.xcconfig"; sourceTree = "<group>"; };
/* End PBXFileReference section */

/* Begin PBXFrameworksBuildPhase section */
		047EF6FC2796E19500B02612 /* Frameworks */ = {
			isa = PBXFrameworksBuildPhase;
			buildActionMask = 2147483647;
			files = (
				5E95F2E378864B023740EFD3 /* Pods_SportNewsApp.framework in Frameworks */,
			);
			runOnlyForDeploymentPostprocessing = 0;
		};
		047EF7122796E19800B02612 /* Frameworks */ = {
			isa = PBXFrameworksBuildPhase;
			buildActionMask = 2147483647;
			files = (
				D15BF00AA1286663089254EA /* Pods_SportNewsAppTests.framework in Frameworks */,
			);
			runOnlyForDeploymentPostprocessing = 0;
		};
		047EF71D2796E19800B02612 /* Frameworks */ = {
			isa = PBXFrameworksBuildPhase;
			buildActionMask = 2147483647;
			files = (
				450296E22054ECCA0101B57D /* Pods_SportNewsApp_SportNewsAppUITests.framework in Frameworks */,
			);
			runOnlyForDeploymentPostprocessing = 0;
		};
/* End PBXFrameworksBuildPhase section */

/* Begin PBXGroup section */
		047EF6F62796E19500B02612 = {
			isa = PBXGroup;
			children = (
				047EF7012796E19500B02612 /* SportNewsApp */,
				047EF7182796E19800B02612 /* SportNewsAppTests */,
				047EF7232796E19800B02612 /* SportNewsAppUITests */,
				047EF7002796E19500B02612 /* Products */,
				9AFA4813105E259291B1D910 /* Pods */,
				F88559E67732B0058BCF87A4 /* Frameworks */,
			);
			sourceTree = "<group>";
		};
		047EF7002796E19500B02612 /* Products */ = {
			isa = PBXGroup;
			children = (
				047EF6FF2796E19500B02612 /* SportNewsApp.app */,
				047EF7152796E19800B02612 /* SportNewsAppTests.xctest */,
				047EF7202796E19800B02612 /* SportNewsAppUITests.xctest */,
			);
			name = Products;
			sourceTree = "<group>";
		};
		047EF7012796E19500B02612 /* SportNewsApp */ = {
			isa = PBXGroup;
			children = (
				047EF7362796E26500B02612 /* Extensions */,
				047EF7352796E25D00B02612 /* Helper */,
				047EF7342796E25600B02612 /* Model */,
				047EF7332796E24E00B02612 /* View */,
				047EF7322796E23A00B02612 /* Controller */,
			);
			path = SportNewsApp;
			sourceTree = "<group>";
		};
		047EF7182796E19800B02612 /* SportNewsAppTests */ = {
			isa = PBXGroup;
			children = (
				047EF7192796E19800B02612 /* SportNewsAppTests.swift */,
				047EF71B2796E19800B02612 /* Info.plist */,
			);
			path = SportNewsAppTests;
			sourceTree = "<group>";
		};
		047EF7232796E19800B02612 /* SportNewsAppUITests */ = {
			isa = PBXGroup;
			children = (
				047EF7242796E19800B02612 /* SportNewsAppUITests.swift */,
				047EF7262796E19800B02612 /* Info.plist */,
			);
			path = SportNewsAppUITests;
			sourceTree = "<group>";
		};
		047EF7322796E23A00B02612 /* Controller */ = {
			isa = PBXGroup;
			children = (
				047EF7372796E29000B02612 /* NewsVC.swift */,
				0472901627A16AA800BC8EA4 /* DetailNewsVC.swift */,
				04CF876127A7F4AA00F3F23A /* ArticleVC.swift */,
			);
			path = Controller;
			sourceTree = "<group>";
		};
		047EF7332796E24E00B02612 /* View */ = {
			isa = PBXGroup;
			children = (
				047EF7412796E88700B02612 /* ArticleTVCell.swift */,
				04D1385327A6DBEA00839DB0 /* HMenuTVCell.swift */,
			);
			path = View;
			sourceTree = "<group>";
		};
		047EF7342796E25600B02612 /* Model */ = {
			isa = PBXGroup;
			children = (
				04E3B04A2798209B007C26D6 /* ArticleModelRealm.swift */,
				04100A08279D6DB500A0601A /* NetworkArticleManager.swift */,
				04100A0A279D79AF00A0601A /* ArticleModelWeb.swift */,
				04100A0C279D7A0600A0601A /* StoregeManager.swift */,
				0472901427A16A3600BC8EA4 /* style.css */,
			);
			path = Model;
			sourceTree = "<group>";
		};
		047EF7352796E25D00B02612 /* Helper */ = {
			isa = PBXGroup;
			children = (
				047EF7022796E19500B02612 /* AppDelegate.swift */,
				047EF7042796E19500B02612 /* SceneDelegate.swift */,
				047EF70B2796E19800B02612 /* Assets.xcassets */,
				047EF70D2796E19800B02612 /* LaunchScreen.storyboard */,
				047EF7102796E19800B02612 /* Info.plist */,
			);
			path = Helper;
			sourceTree = "<group>";
		};
		047EF7362796E26500B02612 /* Extensions */ = {
			isa = PBXGroup;
			children = (
				047EF7392796E4C500B02612 /* UIViewExtension.swift */,
				047EF73B2796E4F900B02612 /* UIColourExtension.swift */,
				04E8ECF62798281D0016099D /* UIImageExtension.swift */,
			);
			path = Extensions;
			sourceTree = "<group>";
		};
		9AFA4813105E259291B1D910 /* Pods */ = {
			isa = PBXGroup;
			children = (
				66E56925538A025AA9569524 /* Pods-SportNewsApp.debug.xcconfig */,
				F61BA9534528B5875FC2674E /* Pods-SportNewsApp.release.xcconfig */,
				BD65DECDA4ED8F6BB4214CBF /* Pods-SportNewsApp-SportNewsAppUITests.debug.xcconfig */,
				A004599F04D906AE72545B3F /* Pods-SportNewsApp-SportNewsAppUITests.release.xcconfig */,
				C72FEBB96C5E5274E5704316 /* Pods-SportNewsAppTests.debug.xcconfig */,
				EC79074CC5DA6B89FFA9730F /* Pods-SportNewsAppTests.release.xcconfig */,
			);
			path = Pods;
			sourceTree = "<group>";
		};
		F88559E67732B0058BCF87A4 /* Frameworks */ = {
			isa = PBXGroup;
			children = (
				3C420355155869E872CE461C /* Pods_SportNewsApp.framework */,
				6057D9EE8D6A11779AEE7455 /* Pods_SportNewsApp_SportNewsAppUITests.framework */,
				34C3A3A9157B0479900DFD46 /* Pods_SportNewsAppTests.framework */,
			);
			name = Frameworks;
			sourceTree = "<group>";
		};
/* End PBXGroup section */

/* Begin PBXNativeTarget section */
		047EF6FE2796E19500B02612 /* SportNewsApp */ = {
			isa = PBXNativeTarget;
			buildConfigurationList = 047EF7292796E19800B02612 /* Build configuration list for PBXNativeTarget "SportNewsApp" */;
			buildPhases = (
				E60B5D8BD60D48D5722A0BCC /* [CP] Check Pods Manifest.lock */,
				047EF6FB2796E19500B02612 /* Sources */,
				047EF6FC2796E19500B02612 /* Frameworks */,
				047EF6FD2796E19500B02612 /* Resources */,
				ABA56E0911F1F65CAD4D882E /* [CP] Embed Pods Frameworks */,
			);
			buildRules = (
			);
			dependencies = (
			);
			name = SportNewsApp;
			productName = SportNewsApp;
			productReference = 047EF6FF2796E19500B02612 /* SportNewsApp.app */;
			productType = "com.apple.product-type.application";
		};
		047EF7142796E19800B02612 /* SportNewsAppTests */ = {
			isa = PBXNativeTarget;
			buildConfigurationList = 047EF72C2796E19800B02612 /* Build configuration list for PBXNativeTarget "SportNewsAppTests" */;
			buildPhases = (
				2FF36AC59B3F2EF670AAE159 /* [CP] Check Pods Manifest.lock */,
				047EF7112796E19800B02612 /* Sources */,
				047EF7122796E19800B02612 /* Frameworks */,
				047EF7132796E19800B02612 /* Resources */,
			);
			buildRules = (
			);
			dependencies = (
				047EF7172796E19800B02612 /* PBXTargetDependency */,
			);
			name = SportNewsAppTests;
			productName = SportNewsAppTests;
			productReference = 047EF7152796E19800B02612 /* SportNewsAppTests.xctest */;
			productType = "com.apple.product-type.bundle.unit-test";
		};
		047EF71F2796E19800B02612 /* SportNewsAppUITests */ = {
			isa = PBXNativeTarget;
			buildConfigurationList = 047EF72F2796E19800B02612 /* Build configuration list for PBXNativeTarget "SportNewsAppUITests" */;
			buildPhases = (
				1CF1C642AD41A058247E7E70 /* [CP] Check Pods Manifest.lock */,
				047EF71C2796E19800B02612 /* Sources */,
				047EF71D2796E19800B02612 /* Frameworks */,
				047EF71E2796E19800B02612 /* Resources */,
				9EBA4A03F9B918E96C4D62C1 /* [CP] Embed Pods Frameworks */,
			);
			buildRules = (
			);
			dependencies = (
				047EF7222796E19800B02612 /* PBXTargetDependency */,
			);
			name = SportNewsAppUITests;
			productName = SportNewsAppUITests;
			productReference = 047EF7202796E19800B02612 /* SportNewsAppUITests.xctest */;
			productType = "com.apple.product-type.bundle.ui-testing";
		};
/* End PBXNativeTarget section */

/* Begin PBXProject section */
		047EF6F72796E19500B02612 /* Project object */ = {
			isa = PBXProject;
			attributes = {
				LastSwiftUpdateCheck = 1250;
				LastUpgradeCheck = 1250;
				TargetAttributes = {
					047EF6FE2796E19500B02612 = {
						CreatedOnToolsVersion = 12.5.1;
					};
					047EF7142796E19800B02612 = {
						CreatedOnToolsVersion = 12.5.1;
						TestTargetID = 047EF6FE2796E19500B02612;
					};
					047EF71F2796E19800B02612 = {
						CreatedOnToolsVersion = 12.5.1;
						TestTargetID = 047EF6FE2796E19500B02612;
					};
				};
			};
			buildConfigurationList = 047EF6FA2796E19500B02612 /* Build configuration list for PBXProject "SportNewsApp" */;
			compatibilityVersion = "Xcode 9.3";
			developmentRegion = en;
			hasScannedForEncodings = 0;
			knownRegions = (
				en,
				Base,
			);
			mainGroup = 047EF6F62796E19500B02612;
			productRefGroup = 047EF7002796E19500B02612 /* Products */;
			projectDirPath = "";
			projectRoot = "";
			targets = (
				047EF6FE2796E19500B02612 /* SportNewsApp */,
				047EF7142796E19800B02612 /* SportNewsAppTests */,
				047EF71F2796E19800B02612 /* SportNewsAppUITests */,
			);
		};
/* End PBXProject section */

/* Begin PBXResourcesBuildPhase section */
		047EF6FD2796E19500B02612 /* Resources */ = {
			isa = PBXResourcesBuildPhase;
			buildActionMask = 2147483647;
			files = (
				047EF70F2796E19800B02612 /* LaunchScreen.storyboard in Resources */,
				0472901527A16A3600BC8EA4 /* style.css in Resources */,
				047EF70C2796E19800B02612 /* Assets.xcassets in Resources */,
			);
			runOnlyForDeploymentPostprocessing = 0;
		};
		047EF7132796E19800B02612 /* Resources */ = {
			isa = PBXResourcesBuildPhase;
			buildActionMask = 2147483647;
			files = (
			);
			runOnlyForDeploymentPostprocessing = 0;
		};
		047EF71E2796E19800B02612 /* Resources */ = {
			isa = PBXResourcesBuildPhase;
			buildActionMask = 2147483647;
			files = (
			);
			runOnlyForDeploymentPostprocessing = 0;
		};
/* End PBXResourcesBuildPhase section */

/* Begin PBXShellScriptBuildPhase section */
		1CF1C642AD41A058247E7E70 /* [CP] Check Pods Manifest.lock */ = {
			isa = PBXShellScriptBuildPhase;
			buildActionMask = 2147483647;
			files = (
			);
			inputFileListPaths = (
			);
			inputPaths = (
				"${PODS_PODFILE_DIR_PATH}/Podfile.lock",
				"${PODS_ROOT}/Manifest.lock",
			);
			name = "[CP] Check Pods Manifest.lock";
			outputFileListPaths = (
			);
			outputPaths = (
				"$(DERIVED_FILE_DIR)/Pods-SportNewsApp-SportNewsAppUITests-checkManifestLockResult.txt",
			);
			runOnlyForDeploymentPostprocessing = 0;
			shellPath = /bin/sh;
			shellScript = "diff \"${PODS_PODFILE_DIR_PATH}/Podfile.lock\" \"${PODS_ROOT}/Manifest.lock\" > /dev/null\nif [ $? != 0 ] ; then\n    # print error to STDERR\n    echo \"error: The sandbox is not in sync with the Podfile.lock. Run 'pod install' or update your CocoaPods installation.\" >&2\n    exit 1\nfi\n# This output is used by Xcode 'outputs' to avoid re-running this script phase.\necho \"SUCCESS\" > \"${SCRIPT_OUTPUT_FILE_0}\"\n";
			showEnvVarsInLog = 0;
		};
		2FF36AC59B3F2EF670AAE159 /* [CP] Check Pods Manifest.lock */ = {
			isa = PBXShellScriptBuildPhase;
			buildActionMask = 2147483647;
			files = (
			);
			inputFileListPaths = (
			);
			inputPaths = (
				"${PODS_PODFILE_DIR_PATH}/Podfile.lock",
				"${PODS_ROOT}/Manifest.lock",
			);
			name = "[CP] Check Pods Manifest.lock";
			outputFileListPaths = (
			);
			outputPaths = (
				"$(DERIVED_FILE_DIR)/Pods-SportNewsAppTests-checkManifestLockResult.txt",
			);
			runOnlyForDeploymentPostprocessing = 0;
			shellPath = /bin/sh;
			shellScript = "diff \"${PODS_PODFILE_DIR_PATH}/Podfile.lock\" \"${PODS_ROOT}/Manifest.lock\" > /dev/null\nif [ $? != 0 ] ; then\n    # print error to STDERR\n    echo \"error: The sandbox is not in sync with the Podfile.lock. Run 'pod install' or update your CocoaPods installation.\" >&2\n    exit 1\nfi\n# This output is used by Xcode 'outputs' to avoid re-running this script phase.\necho \"SUCCESS\" > \"${SCRIPT_OUTPUT_FILE_0}\"\n";
			showEnvVarsInLog = 0;
		};
		9EBA4A03F9B918E96C4D62C1 /* [CP] Embed Pods Frameworks */ = {
			isa = PBXShellScriptBuildPhase;
			buildActionMask = 2147483647;
			files = (
			);
			inputFileListPaths = (
				"${PODS_ROOT}/Target Support Files/Pods-SportNewsApp-SportNewsAppUITests/Pods-SportNewsApp-SportNewsAppUITests-frameworks-${CONFIGURATION}-input-files.xcfilelist",
			);
			name = "[CP] Embed Pods Frameworks";
			outputFileListPaths = (
				"${PODS_ROOT}/Target Support Files/Pods-SportNewsApp-SportNewsAppUITests/Pods-SportNewsApp-SportNewsAppUITests-frameworks-${CONFIGURATION}-output-files.xcfilelist",
			);
			runOnlyForDeploymentPostprocessing = 0;
			shellPath = /bin/sh;
			shellScript = "\"${PODS_ROOT}/Target Support Files/Pods-SportNewsApp-SportNewsAppUITests/Pods-SportNewsApp-SportNewsAppUITests-frameworks.sh\"\n";
			showEnvVarsInLog = 0;
		};
		ABA56E0911F1F65CAD4D882E /* [CP] Embed Pods Frameworks */ = {
			isa = PBXShellScriptBuildPhase;
			buildActionMask = 2147483647;
			files = (
			);
			inputFileListPaths = (
				"${PODS_ROOT}/Target Support Files/Pods-SportNewsApp/Pods-SportNewsApp-frameworks-${CONFIGURATION}-input-files.xcfilelist",
			);
			name = "[CP] Embed Pods Frameworks";
			outputFileListPaths = (
				"${PODS_ROOT}/Target Support Files/Pods-SportNewsApp/Pods-SportNewsApp-frameworks-${CONFIGURATION}-output-files.xcfilelist",
			);
			runOnlyForDeploymentPostprocessing = 0;
			shellPath = /bin/sh;
			shellScript = "\"${PODS_ROOT}/Target Support Files/Pods-SportNewsApp/Pods-SportNewsApp-frameworks.sh\"\n";
			showEnvVarsInLog = 0;
		};
		E60B5D8BD60D48D5722A0BCC /* [CP] Check Pods Manifest.lock */ = {
			isa = PBXShellScriptBuildPhase;
			buildActionMask = 2147483647;
			files = (
			);
			inputFileListPaths = (
			);
			inputPaths = (
				"${PODS_PODFILE_DIR_PATH}/Podfile.lock",
				"${PODS_ROOT}/Manifest.lock",
			);
			name = "[CP] Check Pods Manifest.lock";
			outputFileListPaths = (
			);
			outputPaths = (
				"$(DERIVED_FILE_DIR)/Pods-SportNewsApp-checkManifestLockResult.txt",
			);
			runOnlyForDeploymentPostprocessing = 0;
			shellPath = /bin/sh;
			shellScript = "diff \"${PODS_PODFILE_DIR_PATH}/Podfile.lock\" \"${PODS_ROOT}/Manifest.lock\" > /dev/null\nif [ $? != 0 ] ; then\n    # print error to STDERR\n    echo \"error: The sandbox is not in sync with the Podfile.lock. Run 'pod install' or update your CocoaPods installation.\" >&2\n    exit 1\nfi\n# This output is used by Xcode 'outputs' to avoid re-running this script phase.\necho \"SUCCESS\" > \"${SCRIPT_OUTPUT_FILE_0}\"\n";
			showEnvVarsInLog = 0;
		};
/* End PBXShellScriptBuildPhase section */

/* Begin PBXSourcesBuildPhase section */
		047EF6FB2796E19500B02612 /* Sources */ = {
			isa = PBXSourcesBuildPhase;
			buildActionMask = 2147483647;
			files = (
				047EF7382796E29000B02612 /* NewsVC.swift in Sources */,
				04CF876227A7F4AA00F3F23A /* ArticleVC.swift in Sources */,
				04D1385427A6DBEA00839DB0 /* HMenuTVCell.swift in Sources */,
				04100A0B279D79AF00A0601A /* ArticleModelWeb.swift in Sources */,
				04100A0D279D7A0600A0601A /* StoregeManager.swift in Sources */,
				047EF73C2796E4F900B02612 /* UIColourExtension.swift in Sources */,
				04100A09279D6DB500A0601A /* NetworkArticleManager.swift in Sources */,
				047EF7032796E19500B02612 /* AppDelegate.swift in Sources */,
				0472901727A16AA800BC8EA4 /* DetailNewsVC.swift in Sources */,
				047EF73A2796E4C500B02612 /* UIViewExtension.swift in Sources */,
				047EF7422796E88700B02612 /* ArticleTVCell.swift in Sources */,
				04E3B04B2798209B007C26D6 /* ArticleModelRealm.swift in Sources */,
				047EF7052796E19500B02612 /* SceneDelegate.swift in Sources */,
				04E8ECF72798281D0016099D /* UIImageExtension.swift in Sources */,
			);
			runOnlyForDeploymentPostprocessing = 0;
		};
		047EF7112796E19800B02612 /* Sources */ = {
			isa = PBXSourcesBuildPhase;
			buildActionMask = 2147483647;
			files = (
				047EF71A2796E19800B02612 /* SportNewsAppTests.swift in Sources */,
			);
			runOnlyForDeploymentPostprocessing = 0;
		};
		047EF71C2796E19800B02612 /* Sources */ = {
			isa = PBXSourcesBuildPhase;
			buildActionMask = 2147483647;
			files = (
				047EF7252796E19800B02612 /* SportNewsAppUITests.swift in Sources */,
			);
			runOnlyForDeploymentPostprocessing = 0;
		};
/* End PBXSourcesBuildPhase section */

/* Begin PBXTargetDependency section */
		047EF7172796E19800B02612 /* PBXTargetDependency */ = {
			isa = PBXTargetDependency;
			target = 047EF6FE2796E19500B02612 /* SportNewsApp */;
			targetProxy = 047EF7162796E19800B02612 /* PBXContainerItemProxy */;
		};
		047EF7222796E19800B02612 /* PBXTargetDependency */ = {
			isa = PBXTargetDependency;
			target = 047EF6FE2796E19500B02612 /* SportNewsApp */;
			targetProxy = 047EF7212796E19800B02612 /* PBXContainerItemProxy */;
		};
/* End PBXTargetDependency section */

/* Begin PBXVariantGroup section */
		047EF70D2796E19800B02612 /* LaunchScreen.storyboard */ = {
			isa = PBXVariantGroup;
			children = (
				047EF70E2796E19800B02612 /* Base */,
			);
			name = LaunchScreen.storyboard;
			sourceTree = "<group>";
		};
/* End PBXVariantGroup section */

/* Begin XCBuildConfiguration section */
		047EF7272796E19800B02612 /* Debug */ = {
			isa = XCBuildConfiguration;
			buildSettings = {
				ALWAYS_SEARCH_USER_PATHS = NO;
				CLANG_ANALYZER_NONNULL = YES;
				CLANG_ANALYZER_NUMBER_OBJECT_CONVERSION = YES_AGGRESSIVE;
				CLANG_CXX_LANGUAGE_STANDARD = "gnu++14";
				CLANG_CXX_LIBRARY = "libc++";
				CLANG_ENABLE_MODULES = YES;
				CLANG_ENABLE_OBJC_ARC = YES;
				CLANG_ENABLE_OBJC_WEAK = YES;
				CLANG_WARN_BLOCK_CAPTURE_AUTORELEASING = YES;
				CLANG_WARN_BOOL_CONVERSION = YES;
				CLANG_WARN_COMMA = YES;
				CLANG_WARN_CONSTANT_CONVERSION = YES;
				CLANG_WARN_DEPRECATED_OBJC_IMPLEMENTATIONS = YES;
				CLANG_WARN_DIRECT_OBJC_ISA_USAGE = YES_ERROR;
				CLANG_WARN_DOCUMENTATION_COMMENTS = YES;
				CLANG_WARN_EMPTY_BODY = YES;
				CLANG_WARN_ENUM_CONVERSION = YES;
				CLANG_WARN_INFINITE_RECURSION = YES;
				CLANG_WARN_INT_CONVERSION = YES;
				CLANG_WARN_NON_LITERAL_NULL_CONVERSION = YES;
				CLANG_WARN_OBJC_IMPLICIT_RETAIN_SELF = YES;
				CLANG_WARN_OBJC_LITERAL_CONVERSION = YES;
				CLANG_WARN_OBJC_ROOT_CLASS = YES_ERROR;
				CLANG_WARN_QUOTED_INCLUDE_IN_FRAMEWORK_HEADER = YES;
				CLANG_WARN_RANGE_LOOP_ANALYSIS = YES;
				CLANG_WARN_STRICT_PROTOTYPES = YES;
				CLANG_WARN_SUSPICIOUS_MOVE = YES;
				CLANG_WARN_UNGUARDED_AVAILABILITY = YES_AGGRESSIVE;
				CLANG_WARN_UNREACHABLE_CODE = YES;
				CLANG_WARN__DUPLICATE_METHOD_MATCH = YES;
				COPY_PHASE_STRIP = NO;
				DEBUG_INFORMATION_FORMAT = dwarf;
				ENABLE_STRICT_OBJC_MSGSEND = YES;
				ENABLE_TESTABILITY = YES;
				GCC_C_LANGUAGE_STANDARD = gnu11;
				GCC_DYNAMIC_NO_PIC = NO;
				GCC_NO_COMMON_BLOCKS = YES;
				GCC_OPTIMIZATION_LEVEL = 0;
				GCC_PREPROCESSOR_DEFINITIONS = (
					"DEBUG=1",
					"$(inherited)",
				);
				GCC_WARN_64_TO_32_BIT_CONVERSION = YES;
				GCC_WARN_ABOUT_RETURN_TYPE = YES_ERROR;
				GCC_WARN_UNDECLARED_SELECTOR = YES;
				GCC_WARN_UNINITIALIZED_AUTOS = YES_AGGRESSIVE;
				GCC_WARN_UNUSED_FUNCTION = YES;
				GCC_WARN_UNUSED_VARIABLE = YES;
				IPHONEOS_DEPLOYMENT_TARGET = 14.5;
				MTL_ENABLE_DEBUG_INFO = INCLUDE_SOURCE;
				MTL_FAST_MATH = YES;
				ONLY_ACTIVE_ARCH = YES;
				SDKROOT = iphoneos;
				SWIFT_ACTIVE_COMPILATION_CONDITIONS = DEBUG;
				SWIFT_OPTIMIZATION_LEVEL = "-Onone";
			};
			name = Debug;
		};
		047EF7282796E19800B02612 /* Release */ = {
			isa = XCBuildConfiguration;
			buildSettings = {
				ALWAYS_SEARCH_USER_PATHS = NO;
				CLANG_ANALYZER_NONNULL = YES;
				CLANG_ANALYZER_NUMBER_OBJECT_CONVERSION = YES_AGGRESSIVE;
				CLANG_CXX_LANGUAGE_STANDARD = "gnu++14";
				CLANG_CXX_LIBRARY = "libc++";
				CLANG_ENABLE_MODULES = YES;
				CLANG_ENABLE_OBJC_ARC = YES;
				CLANG_ENABLE_OBJC_WEAK = YES;
				CLANG_WARN_BLOCK_CAPTURE_AUTORELEASING = YES;
				CLANG_WARN_BOOL_CONVERSION = YES;
				CLANG_WARN_COMMA = YES;
				CLANG_WARN_CONSTANT_CONVERSION = YES;
				CLANG_WARN_DEPRECATED_OBJC_IMPLEMENTATIONS = YES;
				CLANG_WARN_DIRECT_OBJC_ISA_USAGE = YES_ERROR;
				CLANG_WARN_DOCUMENTATION_COMMENTS = YES;
				CLANG_WARN_EMPTY_BODY = YES;
				CLANG_WARN_ENUM_CONVERSION = YES;
				CLANG_WARN_INFINITE_RECURSION = YES;
				CLANG_WARN_INT_CONVERSION = YES;
				CLANG_WARN_NON_LITERAL_NULL_CONVERSION = YES;
				CLANG_WARN_OBJC_IMPLICIT_RETAIN_SELF = YES;
				CLANG_WARN_OBJC_LITERAL_CONVERSION = YES;
				CLANG_WARN_OBJC_ROOT_CLASS = YES_ERROR;
				CLANG_WARN_QUOTED_INCLUDE_IN_FRAMEWORK_HEADER = YES;
				CLANG_WARN_RANGE_LOOP_ANALYSIS = YES;
				CLANG_WARN_STRICT_PROTOTYPES = YES;
				CLANG_WARN_SUSPICIOUS_MOVE = YES;
				CLANG_WARN_UNGUARDED_AVAILABILITY = YES_AGGRESSIVE;
				CLANG_WARN_UNREACHABLE_CODE = YES;
				CLANG_WARN__DUPLICATE_METHOD_MATCH = YES;
				COPY_PHASE_STRIP = NO;
				DEBUG_INFORMATION_FORMAT = "dwarf-with-dsym";
				ENABLE_NS_ASSERTIONS = NO;
				ENABLE_STRICT_OBJC_MSGSEND = YES;
				GCC_C_LANGUAGE_STANDARD = gnu11;
				GCC_NO_COMMON_BLOCKS = YES;
				GCC_WARN_64_TO_32_BIT_CONVERSION = YES;
				GCC_WARN_ABOUT_RETURN_TYPE = YES_ERROR;
				GCC_WARN_UNDECLARED_SELECTOR = YES;
				GCC_WARN_UNINITIALIZED_AUTOS = YES_AGGRESSIVE;
				GCC_WARN_UNUSED_FUNCTION = YES;
				GCC_WARN_UNUSED_VARIABLE = YES;
				IPHONEOS_DEPLOYMENT_TARGET = 14.5;
				MTL_ENABLE_DEBUG_INFO = NO;
				MTL_FAST_MATH = YES;
				SDKROOT = iphoneos;
				SWIFT_COMPILATION_MODE = wholemodule;
				SWIFT_OPTIMIZATION_LEVEL = "-O";
				VALIDATE_PRODUCT = YES;
			};
			name = Release;
		};
		047EF72A2796E19800B02612 /* Debug */ = {
			isa = XCBuildConfiguration;
			baseConfigurationReference = 66E56925538A025AA9569524 /* Pods-SportNewsApp.debug.xcconfig */;
			buildSettings = {
				ASSETCATALOG_COMPILER_APPICON_NAME = AppIcon;
				ASSETCATALOG_COMPILER_GLOBAL_ACCENT_COLOR_NAME = AccentColor;
				CODE_SIGN_STYLE = Automatic;
				DEVELOPMENT_TEAM = 7ZATLJJAS6;
				INFOPLIST_FILE = "$(SRCROOT)/SportNewsApp/Helper/Info.plist";
				LD_RUNPATH_SEARCH_PATHS = (
					"$(inherited)",
					"@executable_path/Frameworks",
				);
				PRODUCT_BUNDLE_IDENTIFIER = ru.appdeve.SportNewsApp;
				PRODUCT_NAME = "$(TARGET_NAME)";
				SWIFT_VERSION = 5.0;
				TARGETED_DEVICE_FAMILY = "1,2";
			};
			name = Debug;
		};
		047EF72B2796E19800B02612 /* Release */ = {
			isa = XCBuildConfiguration;
			baseConfigurationReference = F61BA9534528B5875FC2674E /* Pods-SportNewsApp.release.xcconfig */;
			buildSettings = {
				ASSETCATALOG_COMPILER_APPICON_NAME = AppIcon;
				ASSETCATALOG_COMPILER_GLOBAL_ACCENT_COLOR_NAME = AccentColor;
				CODE_SIGN_STYLE = Automatic;
				DEVELOPMENT_TEAM = 7ZATLJJAS6;
				INFOPLIST_FILE = "$(SRCROOT)/SportNewsApp/Helper/Info.plist";
				LD_RUNPATH_SEARCH_PATHS = (
					"$(inherited)",
					"@executable_path/Frameworks",
				);
				PRODUCT_BUNDLE_IDENTIFIER = ru.appdeve.SportNewsApp;
				PRODUCT_NAME = "$(TARGET_NAME)";
				SWIFT_VERSION = 5.0;
				TARGETED_DEVICE_FAMILY = "1,2";
			};
			name = Release;
		};
		047EF72D2796E19800B02612 /* Debug */ = {
			isa = XCBuildConfiguration;
			baseConfigurationReference = C72FEBB96C5E5274E5704316 /* Pods-SportNewsAppTests.debug.xcconfig */;
			buildSettings = {
				ALWAYS_EMBED_SWIFT_STANDARD_LIBRARIES = YES;
				BUNDLE_LOADER = "$(TEST_HOST)";
				CODE_SIGN_STYLE = Automatic;
				DEVELOPMENT_TEAM = 7ZATLJJAS6;
				INFOPLIST_FILE = SportNewsAppTests/Info.plist;
				IPHONEOS_DEPLOYMENT_TARGET = 14.5;
				LD_RUNPATH_SEARCH_PATHS = (
					"$(inherited)",
					"@executable_path/Frameworks",
					"@loader_path/Frameworks",
				);
				PRODUCT_BUNDLE_IDENTIFIER = ru.appdeve.SportNewsAppTests;
				PRODUCT_NAME = "$(TARGET_NAME)";
				SWIFT_VERSION = 5.0;
				TARGETED_DEVICE_FAMILY = "1,2";
				TEST_HOST = "$(BUILT_PRODUCTS_DIR)/SportNewsApp.app/SportNewsApp";
			};
			name = Debug;
		};
		047EF72E2796E19800B02612 /* Release */ = {
			isa = XCBuildConfiguration;
			baseConfigurationReference = EC79074CC5DA6B89FFA9730F /* Pods-SportNewsAppTests.release.xcconfig */;
			buildSettings = {
				ALWAYS_EMBED_SWIFT_STANDARD_LIBRARIES = YES;
				BUNDLE_LOADER = "$(TEST_HOST)";
				CODE_SIGN_STYLE = Automatic;
				DEVELOPMENT_TEAM = 7ZATLJJAS6;
				INFOPLIST_FILE = SportNewsAppTests/Info.plist;
				IPHONEOS_DEPLOYMENT_TARGET = 14.5;
				LD_RUNPATH_SEARCH_PATHS = (
					"$(inherited)",
					"@executable_path/Frameworks",
					"@loader_path/Frameworks",
				);
				PRODUCT_BUNDLE_IDENTIFIER = ru.appdeve.SportNewsAppTests;
				PRODUCT_NAME = "$(TARGET_NAME)";
				SWIFT_VERSION = 5.0;
				TARGETED_DEVICE_FAMILY = "1,2";
				TEST_HOST = "$(BUILT_PRODUCTS_DIR)/SportNewsApp.app/SportNewsApp";
			};
			name = Release;
		};
		047EF7302796E19800B02612 /* Debug */ = {
			isa = XCBuildConfiguration;
			baseConfigurationReference = BD65DECDA4ED8F6BB4214CBF /* Pods-SportNewsApp-SportNewsAppUITests.debug.xcconfig */;
			buildSettings = {
				ALWAYS_EMBED_SWIFT_STANDARD_LIBRARIES = YES;
				CODE_SIGN_STYLE = Automatic;
				DEVELOPMENT_TEAM = 7ZATLJJAS6;
				INFOPLIST_FILE = SportNewsAppUITests/Info.plist;
				LD_RUNPATH_SEARCH_PATHS = (
					"$(inherited)",
					"@executable_path/Frameworks",
					"@loader_path/Frameworks",
				);
				PRODUCT_BUNDLE_IDENTIFIER = ru.appdeve.SportNewsAppUITests;
				PRODUCT_NAME = "$(TARGET_NAME)";
				SWIFT_VERSION = 5.0;
				TARGETED_DEVICE_FAMILY = "1,2";
				TEST_TARGET_NAME = SportNewsApp;
			};
			name = Debug;
		};
		047EF7312796E19800B02612 /* Release */ = {
			isa = XCBuildConfiguration;
			baseConfigurationReference = A004599F04D906AE72545B3F /* Pods-SportNewsApp-SportNewsAppUITests.release.xcconfig */;
			buildSettings = {
				ALWAYS_EMBED_SWIFT_STANDARD_LIBRARIES = YES;
				CODE_SIGN_STYLE = Automatic;
				DEVELOPMENT_TEAM = 7ZATLJJAS6;
				INFOPLIST_FILE = SportNewsAppUITests/Info.plist;
				LD_RUNPATH_SEARCH_PATHS = (
					"$(inherited)",
					"@executable_path/Frameworks",
					"@loader_path/Frameworks",
				);
				PRODUCT_BUNDLE_IDENTIFIER = ru.appdeve.SportNewsAppUITests;
				PRODUCT_NAME = "$(TARGET_NAME)";
				SWIFT_VERSION = 5.0;
				TARGETED_DEVICE_FAMILY = "1,2";
				TEST_TARGET_NAME = SportNewsApp;
			};
			name = Release;
		};
/* End XCBuildConfiguration section */

/* Begin XCConfigurationList section */
		047EF6FA2796E19500B02612 /* Build configuration list for PBXProject "SportNewsApp" */ = {
			isa = XCConfigurationList;
			buildConfigurations = (
				047EF7272796E19800B02612 /* Debug */,
				047EF7282796E19800B02612 /* Release */,
			);
			defaultConfigurationIsVisible = 0;
			defaultConfigurationName = Release;
		};
		047EF7292796E19800B02612 /* Build configuration list for PBXNativeTarget "SportNewsApp" */ = {
			isa = XCConfigurationList;
			buildConfigurations = (
				047EF72A2796E19800B02612 /* Debug */,
				047EF72B2796E19800B02612 /* Release */,
			);
			defaultConfigurationIsVisible = 0;
			defaultConfigurationName = Release;
		};
		047EF72C2796E19800B02612 /* Build configuration list for PBXNativeTarget "SportNewsAppTests" */ = {
			isa = XCConfigurationList;
			buildConfigurations = (
				047EF72D2796E19800B02612 /* Debug */,
				047EF72E2796E19800B02612 /* Release */,
			);
			defaultConfigurationIsVisible = 0;
			defaultConfigurationName = Release;
		};
		047EF72F2796E19800B02612 /* Build configuration list for PBXNativeTarget "SportNewsAppUITests" */ = {
			isa = XCConfigurationList;
			buildConfigurations = (
				047EF7302796E19800B02612 /* Debug */,
				047EF7312796E19800B02612 /* Release */,
			);
			defaultConfigurationIsVisible = 0;
			defaultConfigurationName = Release;
		};
/* End XCConfigurationList section */
	};
	rootObject = 047EF6F72796E19500B02612 /* Project object */;
}
